
Microsoft Visual Studio Solution File, Format Version 12.00
# Visual Studio Version 16
VisualStudioVersion = 16.0.31112.23
MinimumVisualStudioVersion = 10.0.40219.1
Project("{FAE04EC0-301F-11D3-BF4B-00C04F79EFBC}") = "MapApp_Task4.Android", "MapApp_Task4\MapApp_Task4.Android\MapApp_Task4.Android.csproj", "{35A65C50-96C8-477A-975D-AFC1F0A5B64F}"
EndProject
Project("{FAE04EC0-301F-11D3-BF4B-00C04F79EFBC}") = "MapApp_Task4", "MapApp_Task4\MapApp_Task4\MapApp_Task4.csproj", "{90164D62-A4B0-4D3B-8493-0F4FE4FB1A01}"
EndProject
Global
	GlobalSection(SolutionConfigurationPlatforms) = preSolution
		Debug|Any CPU = Debug|Any CPU
		Release|Any CPU = Release|Any CPU
	EndGlobalSection
	GlobalSection(ProjectConfigurationPlatforms) = postSolution
		{35A65C50-96C8-477A-975D-AFC1F0A5B64F}.Debug|Any CPU.ActiveCfg = Debug|Any CPU
		{35A65C50-96C8-477A-975D-AFC1F0A5B64F}.Debug|Any CPU.Build.0 = Debug|Any CPU
		{35A65C50-96C8-477A-975D-AFC1F0A5B64F}.Debug|Any CPU.Deploy.0 = Debug|Any CPU
		{35A65C50-96C8-477A-975D-AFC1F0A5B64F}.Release|Any CPU.ActiveCfg = Release|Any CPU
		{35A65C50-96C8-477A-975D-AFC1F0A5B64F}.Release|Any CPU.Build.0 = Release|Any CPU
		{35A65C50-96C8-477A-975D-AFC1F0A5B64F}.Release|Any CPU.Deploy.0 = Release|Any CPU
		{90164D62-A4B0-4D3B-8493-0F4FE4FB1A01}.Debug|Any CPU.ActiveCfg = Debug|Any CPU
		{90164D62-A4B0-4D3B-8493-0F4FE4FB1A01}.Debug|Any CPU.Build.0 = Debug|Any CPU
		{90164D62-A4B0-4D3B-8493-0F4FE4FB1A01}.Debug|Any CPU.Deploy.0 = Debug|Any CPU
		{90164D62-A4B0-4D3B-8493-0F4FE4FB1A01}.Release|Any CPU.ActiveCfg = Release|Any CPU
		{90164D62-A4B0-4D3B-8493-0F4FE4FB1A01}.Release|Any CPU.Build.0 = Release|Any CPU
		{90164D62-A4B0-4D3B-8493-0F4FE4FB1A01}.Release|Any CPU.Deploy.0 = Release|Any CPU
	EndGlobalSection
	GlobalSection(SolutionProperties) = preSolution
		HideSolutionNode = FALSE
	EndGlobalSection
	GlobalSection(ExtensibilityGlobals) = postSolution
		SolutionGuid = {2291398C-C76E-4E4C-866B-0AD0AF764FCF}
	EndGlobalSection
EndGlobal
